
Microsoft Visual Studio Solution File, Format Version 12.00
# Visual Studio Version 17
VisualStudioVersion = 17.5.002.0
MinimumVisualStudioVersion = 10.0.40219.1
Project("{9A19103F-16F7-4668-BE54-9A1E7A4F7556}") = "Uppgift arv", "Uppgift arv.csproj", "{1789EED8-9336-4F90-AA06-A2CDA8D1831B}"
EndProject
Global
	GlobalSection(SolutionConfigurationPlatforms) = preSolution
		Debug|Any CPU = Debug|Any CPU
		Release|Any CPU = Release|Any CPU
	EndGlobalSection
	GlobalSection(ProjectConfigurationPlatforms) = postSolution
		{1789EED8-9336-4F90-AA06-A2CDA8D1831B}.Debug|Any CPU.ActiveCfg = Debug|Any CPU
		{1789EED8-9336-4F90-AA06-A2CDA8D1831B}.Debug|Any CPU.Build.0 = Debug|Any CPU
		{1789EED8-9336-4F90-AA06-A2CDA8D1831B}.Release|Any CPU.ActiveCfg = Release|Any CPU
		{1789EED8-9336-4F90-AA06-A2CDA8D1831B}.Release|Any CPU.Build.0 = Release|Any CPU
	EndGlobalSection
	GlobalSection(SolutionProperties) = preSolution
		HideSolutionNode = FALSE
	EndGlobalSection
	GlobalSection(ExtensibilityGlobals) = postSolution
		SolutionGuid = {31C93B00-C151-42C3-9AB0-FCF8A3D2FC83}
	EndGlobalSection
EndGlobal
